
Microsoft Visual Studio Solution File, Format Version 12.00
# Visual Studio Version 16
VisualStudioVersion = 16.0.31402.337
MinimumVisualStudioVersion = 10.0.40219.1
Project("{FAE04EC0-301F-11D3-BF4B-00C04F79EFBC}") = "lab4", "lab4\lab4.csproj", "{E4A68A30-67C3-4AFE-AF59-670CDE8BED30}"
EndProject
Global
	GlobalSection(SolutionConfigurationPlatforms) = preSolution
		Debug|Any CPU = Debug|Any CPU
		Release|Any CPU = Release|Any CPU
	EndGlobalSection
	GlobalSection(ProjectConfigurationPlatforms) = postSolution
		{E4A68A30-67C3-4AFE-AF59-670CDE8BED30}.Debug|Any CPU.ActiveCfg = Debug|Any CPU
		{E4A68A30-67C3-4AFE-AF59-670CDE8BED30}.Debug|Any CPU.Build.0 = Debug|Any CPU
		{E4A68A30-67C3-4AFE-AF59-670CDE8BED30}.Release|Any CPU.ActiveCfg = Release|Any CPU
		{E4A68A30-67C3-4AFE-AF59-670CDE8BED30}.Release|Any CPU.Build.0 = Release|Any CPU
	EndGlobalSection
	GlobalSection(SolutionProperties) = preSolution
		HideSolutionNode = FALSE
	EndGlobalSection
	GlobalSection(ExtensibilityGlobals) = postSolution
		SolutionGuid = {7E428A30-44F4-459B-95EE-4446AFF34054}
	EndGlobalSection
EndGlobal
